{
  "version": 4,
  "terraform_version": "1.14.5",
  "serial": 93,
  "lineage": "2528efdf-9f25-859e-c941-9278d68e332b",
  "outputs": {},
  "resources": [
    {
      "mode": "data",
      "type": "google_artifact_registry_repository",
      "name": "rag_app_repo",
      "provider": "provider[\"registry.terraform.io/hashicorp/google\"]",
      "instances": [
        {
          "schema_version": 0,
          "attributes": {
            "cleanup_policies": [],
            "cleanup_policy_dry_run": false,
            "create_time": "2025-12-06T14:35:22.418108Z",
            "description": "Minimal app container repo",
            "docker_config": [],
            "effective_labels": {},
            "format": "DOCKER",
            "id": "projects/alert-cursor-476219-s1/locations/us-central1/repositories/app-repo",
            "kms_key_name": "",
            "labels": {},
            "location": "us-central1",
            "maven_config": [],
            "mode": "STANDARD_REPOSITORY",
            "name": "app-repo",
            "project": "alert-cursor-476219-s1",
            "remote_repository_config": [],
            "repository_id": "app-repo",
            "terraform_labels": {},
            "update_time": "2025-12-06T14:35:22.418108Z",
            "virtual_repository_config": []
          },
          "sensitive_attributes": [],
          "identity_schema_version": 0
        }
      ]
    },
    {
      "mode": "data",
      "type": "google_secret_manager_secret",
      "name": "firebase_sa",
      "provider": "provider[\"registry.terraform.io/hashicorp/google\"]",
      "instances": [
        {
          "schema_version": 0,
          "attributes": {
            "annotations": {},
            "create_time": "2025-12-22T01:53:53.616543Z",
            "effective_annotations": {},
            "effective_labels": {},
            "expire_time": "",
            "id": "projects/alert-cursor-476219-s1/secrets/firebase-service-account",
            "labels": {},
            "name": "projects/652346505611/secrets/firebase-service-account",
            "project": "alert-cursor-476219-s1",
            "replication": [
              {
                "auto": [
                  {
                    "customer_managed_encryption": []
                  }
                ],
                "user_managed": []
              }
            ],
            "rotation": [],
            "secret_id": "firebase-service-account",
            "terraform_labels": {},
            "topics": [],
            "ttl": null,
            "version_aliases": {},
            "version_destroy_ttl": ""
          },
          "sensitive_attributes": [],
          "identity_schema_version": 0
        }
      ]
    },
    {
      "mode": "data",
      "type": "google_service_account",
      "name": "run_rag_sa",
      "provider": "provider[\"registry.terraform.io/hashicorp/google\"]",
      "instances": [
        {
          "schema_version": 0,
          "attributes": {
            "account_id": "cloudrun-rag-sa",
            "display_name": "Cloud Run Service Account",
            "email": "cloudrun-rag-sa@alert-cursor-476219-s1.iam.gserviceaccount.com",
            "id": "projects/alert-cursor-476219-s1/serviceAccounts/cloudrun-rag-sa@alert-cursor-476219-s1.iam.gserviceaccount.com",
            "member": "serviceAccount:cloudrun-rag-sa@alert-cursor-476219-s1.iam.gserviceaccount.com",
            "name": "projects/alert-cursor-476219-s1/serviceAccounts/cloudrun-rag-sa@alert-cursor-476219-s1.iam.gserviceaccount.com",
            "project": "alert-cursor-476219-s1",
            "unique_id": "107865481286189909170"
          },
          "sensitive_attributes": [],
          "identity_schema_version": 0
        }
      ]
    },
    {
      "mode": "managed",
      "type": "google_cloud_run_v2_service",
      "name": "publication-ai",
      "provider": "provider[\"registry.terraform.io/hashicorp/google\"]",
      "instances": [
        {
          "schema_version": 0,
          "attributes": {
            "annotations": {},
            "binary_authorization": [],
            "client": "",
            "client_version": "",
            "conditions": [
              {
                "execution_reason": "",
                "last_transition_time": "2026-02-25T08:46:38.895290Z",
                "message": "",
                "reason": "",
                "revision_reason": "",
                "severity": "",
                "state": "CONDITION_SUCCEEDED",
                "type": "RoutesReady"
              },
              {
                "execution_reason": "",
                "last_transition_time": "2026-02-25T08:45:55.244260Z",
                "message": "",
                "reason": "",
                "revision_reason": "",
                "severity": "",
                "state": "CONDITION_SUCCEEDED",
                "type": "ConfigurationsReady"
              }
            ],
            "create_time": "2026-02-10T03:21:37.331670Z",
            "creator": "anwar.wahid.1686@gmail.com",
            "custom_audiences": [],
            "delete_time": "",
            "description": "",
            "effective_annotations": {},
            "effective_labels": {},
            "etag": "\"CLzt-swGEKia2YAB/cHJvamVjdHMvYWxlcnQtY3Vyc29yLTQ3NjIxOS1zMS9sb2NhdGlvbnMvdXMtY2VudHJhbDEvc2VydmljZXMvcHVibGljYXRpb24tYWk\"",
            "expire_time": "",
            "generation": "40",
            "id": "projects/alert-cursor-476219-s1/locations/us-central1/services/publication-ai",
            "ingress": "INGRESS_TRAFFIC_ALL",
            "labels": {},
            "last_modifier": "anwar.wahid.1686@gmail.com",
            "latest_created_revision": "projects/alert-cursor-476219-s1/locations/us-central1/services/publication-ai/revisions/publication-ai-50a92154",
            "latest_ready_revision": "projects/alert-cursor-476219-s1/locations/us-central1/services/publication-ai/revisions/publication-ai-50a92154",
            "launch_stage": "GA",
            "location": "us-central1",
            "name": "publication-ai",
            "observed_generation": "40",
            "project": "alert-cursor-476219-s1",
            "reconciling": false,
            "template": [
              {
                "annotations": {},
                "containers": [
                  {
                    "args": [],
                    "command": [],
                    "depends_on": [],
                    "env": [
                      {
                        "name": "GOOGLE_APPLICATION_CREDENTIALS",
                        "value": "/run/secrets/firebase",
                        "value_source": []
                      },
                      {
                        "name": "OPENAI_API_KEY",
                        "value": "",
                        "value_source": [
                          {
                            "secret_key_ref": [
                              {
                                "secret": "OPENAI_API_KEY",
                                "version": "latest"
                              }
                            ]
                          }
                        ]
                      },
                      {
                        "name": "R2_ACCESS_KEY",
                        "value": "",
                        "value_source": [
                          {
                            "secret_key_ref": [
                              {
                                "secret": "R2_ACCESS_KEY",
                                "version": "latest"
                              }
                            ]
                          }
                        ]
                      },
                      {
                        "name": "R2_SECRET_KEY",
                        "value": "",
                        "value_source": [
                          {
                            "secret_key_ref": [
                              {
                                "secret": "R2_SECRET_KEY",
                                "version": "latest"
                              }
                            ]
                          }
                        ]
                      },
                      {
                        "name": "NEO4J_BASE_URL",
                        "value": "",
                        "value_source": [
                          {
                            "secret_key_ref": [
                              {
                                "secret": "NEO4J_BASE_URL",
                                "version": "latest"
                              }
                            ]
                          }
                        ]
                      },
                      {
                        "name": "NEO4J_PASS",
                        "value": "",
                        "value_source": [
                          {
                            "secret_key_ref": [
                              {
                                "secret": "NEO4J_PASS",
                                "version": "latest"
                              }
                            ]
                          }
                        ]
                      },
                      {
                        "name": "JWKS_URI",
                        "value": "",
                        "value_source": [
                          {
                            "secret_key_ref": [
                              {
                                "secret": "JWKS_URI",
                                "version": "latest"
                              }
                            ]
                          }
                        ]
                      },
                      {
                        "name": "ISSUER",
                        "value": "",
                        "value_source": [
                          {
                            "secret_key_ref": [
                              {
                                "secret": "ISSUER",
                                "version": "latest"
                              }
                            ]
                          }
                        ]
                      },
                      {
                        "name": "TRUSTSTORE_PASSWORD",
                        "value": "",
                        "value_source": [
                          {
                            "secret_key_ref": [
                              {
                                "secret": "TRUSTSTORE_PASSWORD",
                                "version": "latest"
                              }
                            ]
                          }
                        ]
                      },
                      {
                        "name": "WEB_PORT",
                        "value": "8080",
                        "value_source": []
                      },
                      {
                        "name": "LOG_LEVEL",
                        "value": "ERROR",
                        "value_source": []
                      },
                      {
                        "name": "JPA_JDBC_URL",
                        "value": "jdbc:postgresql://10.128.0.2:5432/documentdb",
                        "value_source": []
                      },
                      {
                        "name": "DB_HOST",
                        "value": "10.128.0.2",
                        "value_source": []
                      },
                      {
                        "name": "DB_PORT",
                        "value": "5432",
                        "value_source": []
                      },
                      {
                        "name": "OPENAI_ENABLED",
                        "value": "true",
                        "value_source": []
                      },
                      {
                        "name": "R2_ACCESS_URL",
                        "value": "https://047c814396bdfb908b85ffd11aaac5c1.r2.cloudflarestorage.com",
                        "value_source": []
                      },
                      {
                        "name": "QDRANT_BASE_URL",
                        "value": "http://34.59.213.229:6333",
                        "value_source": []
                      },
                      {
                        "name": "EMBEDDING_MODEL",
                        "value": "nomic-embed-text",
                        "value_source": []
                      },
                      {
                        "name": "LLM_MODEL",
                        "value": "llama3",
                        "value_source": []
                      },
                      {
                        "name": "QDRANT_DISTANCE",
                        "value": "Cosine",
                        "value_source": []
                      },
                      {
                        "name": "QDRANT_COLLECTION",
                        "value": "documents_openai",
                        "value_source": []
                      },
                      {
                        "name": "CHUNK_SIZE",
                        "value": "500",
                        "value_source": []
                      },
                      {
                        "name": "CHUNK_OVERLAP",
                        "value": "50",
                        "value_source": []
                      },
                      {
                        "name": "MAX_TOKEN",
                        "value": "1200",
                        "value_source": []
                      },
                      {
                        "name": "MAX_CHAR",
                        "value": "400",
                        "value_source": []
                      }
                    ],
                    "image": "us-central1-docker.pkg.dev/alert-cursor-476219-s1/publication-repo/publication-ai@sha256:d759c024a22fe8ce12125207a38bd28fee9fe14da5f71bdb16b19cbf27cc11be",
                    "liveness_probe": [],
                    "name": "",
                    "ports": [
                      {
                        "container_port": 8080,
                        "name": "http1"
                      }
                    ],
                    "resources": [
                      {
                        "cpu_idle": false,
                        "limits": {
                          "cpu": "1",
                          "memory": "512Mi"
                        },
                        "startup_cpu_boost": false
                      }
                    ],
                    "startup_probe": [
                      {
                        "failure_threshold": 1,
                        "grpc": [],
                        "http_get": [],
                        "initial_delay_seconds": 0,
                        "period_seconds": 240,
                        "tcp_socket": [
                          {
                            "port": 8080
                          }
                        ],
                        "timeout_seconds": 240
                      }
                    ],
                    "volume_mounts": [
                      {
                        "mount_path": "/run/secrets",
                        "name": "firebase-secret"
                      }
                    ],
                    "working_dir": ""
                  }
                ],
                "encryption_key": "",
                "execution_environment": "",
                "labels": {},
                "max_instance_request_concurrency": 80,
                "revision": "publication-ai-50a92154",
                "scaling": [
                  {
                    "max_instance_count": 1,
                    "min_instance_count": 0
                  }
                ],
                "service_account": "cloudrun-rag-sa@alert-cursor-476219-s1.iam.gserviceaccount.com",
                "session_affinity": false,
                "timeout": "30s",
                "volumes": [
                  {
                    "cloud_sql_instance": [],
                    "gcs": [],
                    "name": "firebase-secret",
                    "nfs": [],
                    "secret": [
                      {
                        "default_mode": 0,
                        "items": [
                          {
                            "mode": 0,
                            "path": "firebase",
                            "version": "latest"
                          }
                        ],
                        "secret": "firebase-service-account"
                      }
                    ]
                  }
                ],
                "vpc_access": [
                  {
                    "connector": "projects/alert-cursor-476219-s1/locations/us-central1/connectors/run-connector",
                    "egress": "PRIVATE_RANGES_ONLY",
                    "network_interfaces": []
                  }
                ]
              }
            ],
            "terminal_condition": [
              {
                "execution_reason": "",
                "last_transition_time": "2026-02-25T08:46:38.926967Z",
                "message": "",
                "reason": "",
                "revision_reason": "",
                "severity": "",
                "state": "CONDITION_SUCCEEDED",
                "type": "Ready"
              }
            ],
            "terraform_labels": {},
            "timeouts": null,
            "traffic": [
              {
                "percent": 100,
                "revision": "",
                "tag": "",
                "type": "TRAFFIC_TARGET_ALLOCATION_TYPE_LATEST"
              }
            ],
            "traffic_statuses": [
              {
                "percent": 100,
                "revision": "",
                "tag": "",
                "type": "TRAFFIC_TARGET_ALLOCATION_TYPE_LATEST",
                "uri": ""
              }
            ],
            "uid": "76422af3-6de8-4609-a012-a5fdc820b45f",
            "update_time": "2026-02-25T08:45:48.269897Z",
            "uri": "https://publication-ai-56jig5glwa-uc.a.run.app"
          },
          "sensitive_attributes": [],
          "identity_schema_version": 0,
          "private": "eyJlMmJmYjczMC1lY2FhLTExZTYtOGY4OC0zNDM2M2JjN2M0YzAiOnsiY3JlYXRlIjoxMjAwMDAwMDAwMDAwLCJkZWxldGUiOjEyMDAwMDAwMDAwMDAsInVwZGF0ZSI6MTIwMDAwMDAwMDAwMH19",
          "dependencies": [
            "data.google_secret_manager_secret.firebase_sa",
            "data.google_service_account.run_rag_sa"
          ]
        }
      ]
    },
    {
      "mode": "managed",
      "type": "google_project_iam_member",
      "name": "firebase_auth_admin",
      "provider": "provider[\"registry.terraform.io/hashicorp/google\"]",
      "instances": [
        {
          "schema_version": 0,
          "attributes": {
            "condition": [],
            "etag": "BwZKaCvan8o=",
            "id": "alert-cursor-476219-s1/roles/firebaseauth.admin/serviceAccount:cloudrun-rag-sa@alert-cursor-476219-s1.iam.gserviceaccount.com",
            "member": "serviceAccount:cloudrun-rag-sa@alert-cursor-476219-s1.iam.gserviceaccount.com",
            "project": "alert-cursor-476219-s1",
            "role": "roles/firebaseauth.admin"
          },
          "sensitive_attributes": [],
          "identity_schema_version": 0,
          "private": "bnVsbA==",
          "dependencies": [
            "data.google_service_account.run_rag_sa"
          ]
        }
      ]
    },
    {
      "mode": "managed",
      "type": "google_project_iam_member",
      "name": "firestore_user",
      "provider": "provider[\"registry.terraform.io/hashicorp/google\"]",
      "instances": [
        {
          "schema_version": 0,
          "attributes": {
            "condition": [],
            "etag": "BwZKaCvan8o=",
            "id": "alert-cursor-476219-s1/roles/datastore.user/serviceAccount:cloudrun-rag-sa@alert-cursor-476219-s1.iam.gserviceaccount.com",
            "member": "serviceAccount:cloudrun-rag-sa@alert-cursor-476219-s1.iam.gserviceaccount.com",
            "project": "alert-cursor-476219-s1",
            "role": "roles/datastore.user"
          },
          "sensitive_attributes": [],
          "identity_schema_version": 0,
          "private": "bnVsbA==",
          "dependencies": [
            "data.google_service_account.run_rag_sa"
          ]
        }
      ]
    },
    {
      "mode": "managed",
      "type": "google_project_iam_member",
      "name": "run_sa_storage_reader",
      "provider": "provider[\"registry.terraform.io/hashicorp/google\"]",
      "instances": [
        {
          "schema_version": 0,
          "attributes": {
            "condition": [],
            "etag": "BwZKaCvan8o=",
            "id": "alert-cursor-476219-s1/roles/storage.objectViewer/serviceAccount:cloudrun-rag-sa@alert-cursor-476219-s1.iam.gserviceaccount.com",
            "member": "serviceAccount:cloudrun-rag-sa@alert-cursor-476219-s1.iam.gserviceaccount.com",
            "project": "alert-cursor-476219-s1",
            "role": "roles/storage.objectViewer"
          },
          "sensitive_attributes": [],
          "identity_schema_version": 0,
          "private": "bnVsbA==",
          "dependencies": [
            "data.google_service_account.run_rag_sa"
          ]
        }
      ]
    },
    {
      "mode": "managed",
      "type": "google_secret_manager_secret_iam_member",
      "name": "firebase_access",
      "provider": "provider[\"registry.terraform.io/hashicorp/google\"]",
      "instances": [
        {
          "schema_version": 0,
          "attributes": {
            "condition": [],
            "etag": "BwZKaCufbG4=",
            "id": "projects/alert-cursor-476219-s1/secrets/firebase-service-account/roles/secretmanager.secretAccessor/serviceAccount:cloudrun-rag-sa@alert-cursor-476219-s1.iam.gserviceaccount.com",
            "member": "serviceAccount:cloudrun-rag-sa@alert-cursor-476219-s1.iam.gserviceaccount.com",
            "project": "alert-cursor-476219-s1",
            "role": "roles/secretmanager.secretAccessor",
            "secret_id": "projects/alert-cursor-476219-s1/secrets/firebase-service-account"
          },
          "sensitive_attributes": [],
          "identity_schema_version": 0,
          "private": "bnVsbA==",
          "dependencies": [
            "data.google_secret_manager_secret.firebase_sa",
            "data.google_service_account.run_rag_sa"
          ]
        }
      ]
    }
  ],
  "check_results": null
}
